
Microsoft Visual Studio Solution File, Format Version 12.00
# Visual Studio Version 16
VisualStudioVersion = 16.0.30804.86
MinimumVisualStudioVersion = 10.0.40219.1
Project("{9A19103F-16F7-4668-BE54-9A1E7A4F7556}") = "DataAccess", "DataAccess\DataAccess.csproj", "{5EF8EAF9-F894-45D0-97B4-3946F40DF86B}"
EndProject
Project("{9A19103F-16F7-4668-BE54-9A1E7A4F7556}") = "Business", "Business\Business.csproj", "{968A4788-1747-45E7-A975-95D107363796}"
EndProject
Project("{9A19103F-16F7-4668-BE54-9A1E7A4F7556}") = "Entities", "Entities\Entities.csproj", "{ED75E33A-90C0-415C-9739-632A4056E083}"
EndProject
Project("{9A19103F-16F7-4668-BE54-9A1E7A4F7556}") = "ConsoleUI", "ConsoleUI\ConsoleUI.csproj", "{0307064E-E1F7-47D7-9C18-4D9DA358E325}"
EndProject
Project("{FAE04EC0-301F-11D3-BF4B-00C04F79EFBC}") = "Core", "Core\Core.csproj", "{D36A42BF-CEB6-4779-9705-63B65590017B}"
EndProject
Global
	GlobalSection(SolutionConfigurationPlatforms) = preSolution
		Debug|Any CPU = Debug|Any CPU
		Release|Any CPU = Release|Any CPU
	EndGlobalSection
	GlobalSection(ProjectConfigurationPlatforms) = postSolution
		{5EF8EAF9-F894-45D0-97B4-3946F40DF86B}.Debug|Any CPU.ActiveCfg = Debug|Any CPU
		{5EF8EAF9-F894-45D0-97B4-3946F40DF86B}.Debug|Any CPU.Build.0 = Debug|Any CPU
		{5EF8EAF9-F894-45D0-97B4-3946F40DF86B}.Release|Any CPU.ActiveCfg = Release|Any CPU
		{5EF8EAF9-F894-45D0-97B4-3946F40DF86B}.Release|Any CPU.Build.0 = Release|Any CPU
		{968A4788-1747-45E7-A975-95D107363796}.Debug|Any CPU.ActiveCfg = Debug|Any CPU
		{968A4788-1747-45E7-A975-95D107363796}.Debug|Any CPU.Build.0 = Debug|Any CPU
		{968A4788-1747-45E7-A975-95D107363796}.Release|Any CPU.ActiveCfg = Release|Any CPU
		{968A4788-1747-45E7-A975-95D107363796}.Release|Any CPU.Build.0 = Release|Any CPU
		{ED75E33A-90C0-415C-9739-632A4056E083}.Debug|Any CPU.ActiveCfg = Debug|Any CPU
		{ED75E33A-90C0-415C-9739-632A4056E083}.Debug|Any CPU.Build.0 = Debug|Any CPU
		{ED75E33A-90C0-415C-9739-632A4056E083}.Release|Any CPU.ActiveCfg = Release|Any CPU
		{ED75E33A-90C0-415C-9739-632A4056E083}.Release|Any CPU.Build.0 = Release|Any CPU
		{0307064E-E1F7-47D7-9C18-4D9DA358E325}.Debug|Any CPU.ActiveCfg = Debug|Any CPU
		{0307064E-E1F7-47D7-9C18-4D9DA358E325}.Debug|Any CPU.Build.0 = Debug|Any CPU
		{0307064E-E1F7-47D7-9C18-4D9DA358E325}.Release|Any CPU.ActiveCfg = Release|Any CPU
		{0307064E-E1F7-47D7-9C18-4D9DA358E325}.Release|Any CPU.Build.0 = Release|Any CPU
		{D36A42BF-CEB6-4779-9705-63B65590017B}.Debug|Any CPU.ActiveCfg = Debug|Any CPU
		{D36A42BF-CEB6-4779-9705-63B65590017B}.Debug|Any CPU.Build.0 = Debug|Any CPU
		{D36A42BF-CEB6-4779-9705-63B65590017B}.Release|Any CPU.ActiveCfg = Release|Any CPU
		{D36A42BF-CEB6-4779-9705-63B65590017B}.Release|Any CPU.Build.0 = Release|Any CPU
	EndGlobalSection
	GlobalSection(SolutionProperties) = preSolution
		HideSolutionNode = FALSE
	EndGlobalSection
	GlobalSection(ExtensibilityGlobals) = postSolution
		SolutionGuid = {350CB3F0-ABCE-4BAA-8220-1B7ACF78FC9C}
	EndGlobalSection
EndGlobal
